
Microsoft Visual Studio Solution File, Format Version 12.00
# Visual Studio Version 17
VisualStudioVersion = 17.11.35219.272
MinimumVisualStudioVersion = 10.0.40219.1
Project("{FAE04EC0-301F-11D3-BF4B-00C04F79EFBC}") = "association", "association\association.csproj", "{31239692-7B17-4C05-B3D3-93AF6D2EED48}"
EndProject
Global
	GlobalSection(SolutionConfigurationPlatforms) = preSolution
		Debug|Any CPU = Debug|Any CPU
		Release|Any CPU = Release|Any CPU
	EndGlobalSection
	GlobalSection(ProjectConfigurationPlatforms) = postSolution
		{31239692-7B17-4C05-B3D3-93AF6D2EED48}.Debug|Any CPU.ActiveCfg = Debug|Any CPU
		{31239692-7B17-4C05-B3D3-93AF6D2EED48}.Debug|Any CPU.Build.0 = Debug|Any CPU
		{31239692-7B17-4C05-B3D3-93AF6D2EED48}.Release|Any CPU.ActiveCfg = Release|Any CPU
		{31239692-7B17-4C05-B3D3-93AF6D2EED48}.Release|Any CPU.Build.0 = Release|Any CPU
	EndGlobalSection
	GlobalSection(SolutionProperties) = preSolution
		HideSolutionNode = FALSE
	EndGlobalSection
	GlobalSection(ExtensibilityGlobals) = postSolution
		SolutionGuid = {69BF0528-85BE-4359-A8DF-EE7F717FAF0E}
	EndGlobalSection
EndGlobal
